version: 6
environments:
  default:
    channels:
    - url: https://conda.anaconda.org/conda-forge/
    indexes:
    - https://pypi.org/simple
    packages:
      osx-arm64:
      - conda: https://conda.anaconda.org/conda-forge/osx-arm64/bzip2-1.0.8-hd037594_8.conda
      - conda: https://conda.anaconda.org/conda-forge/noarch/ca-certificates-2025.11.12-hbd8a1cb_0.conda
      - conda: https://conda.anaconda.org/conda-forge/osx-arm64/icu-75.1-hfee45f7_0.conda
      - conda: https://conda.anaconda.org/conda-forge/osx-arm64/libblas-3.11.0-1_h51639a9_openblas.conda
      - conda: https://conda.anaconda.org/conda-forge/osx-arm64/libcblas-3.11.0-1_hb0561ab_openblas.conda
      - conda: https://conda.anaconda.org/conda-forge/osx-arm64/libcxx-21.1.6-hf598326_0.conda
      - conda: https://conda.anaconda.org/conda-forge/osx-arm64/libexpat-2.7.1-hec049ff_0.conda
      - conda: https://conda.anaconda.org/conda-forge/osx-arm64/libffi-3.5.2-he5f378a_0.conda
      - conda: https://conda.anaconda.org/conda-forge/osx-arm64/libgfortran-15.2.0-hfcf01ff_1.conda
      - conda: https://conda.anaconda.org/conda-forge/osx-arm64/libgfortran5-15.2.0-h742603c_1.conda
      - conda: https://conda.anaconda.org/conda-forge/osx-arm64/liblapack-3.11.0-1_hd9741b5_openblas.conda
      - conda: https://conda.anaconda.org/conda-forge/osx-arm64/liblzma-5.8.1-h39f12f2_2.conda
      - conda: https://conda.anaconda.org/conda-forge/osx-arm64/libmpdec-4.0.0-h5505292_0.conda
      - conda: https://conda.anaconda.org/conda-forge/osx-arm64/libopenblas-0.3.30-openmp_ha158390_3.conda
      - conda: https://conda.anaconda.org/conda-forge/osx-arm64/libsqlite-3.51.0-h8adb53f_0.conda
      - conda: https://conda.anaconda.org/conda-forge/osx-arm64/libzlib-1.3.1-h8359307_2.conda
      - conda: https://conda.anaconda.org/conda-forge/osx-arm64/llvm-openmp-21.1.5-h4a912ad_2.conda
      - conda: https://conda.anaconda.org/conda-forge/osx-arm64/ncurses-6.5-h5e97a16_3.conda
      - conda: https://conda.anaconda.org/conda-forge/osx-arm64/numpy-2.3.5-py313h9771d21_0.conda
      - conda: https://conda.anaconda.org/conda-forge/osx-arm64/openssl-3.5.4-h5503f6c_0.conda
      - conda: https://conda.anaconda.org/conda-forge/noarch/packaging-25.0-pyh29332c3_1.conda
      - conda: https://conda.anaconda.org/conda-forge/osx-arm64/pandas-2.3.3-py313h7d16b84_1.conda
      - conda: https://conda.anaconda.org/conda-forge/osx-arm64/python-3.13.9-hfc2f54d_101_cp313.conda
      - conda: https://conda.anaconda.org/conda-forge/noarch/python-dateutil-2.9.0.post0-pyhe01879c_2.conda
      - conda: https://conda.anaconda.org/conda-forge/noarch/python-tzdata-2025.2-pyhd8ed1ab_0.conda
      - conda: https://conda.anaconda.org/conda-forge/noarch/python_abi-3.13-8_cp313.conda
      - conda: https://conda.anaconda.org/conda-forge/noarch/pytz-2025.2-pyhd8ed1ab_0.conda
      - conda: https://conda.anaconda.org/conda-forge/osx-arm64/readline-8.2-h1d1bf99_2.conda
      - conda: https://conda.anaconda.org/conda-forge/noarch/six-1.17.0-pyhe01879c_1.conda
      - conda: https://conda.anaconda.org/conda-forge/osx-arm64/sqlite-3.51.0-h81ab1b7_0.conda
      - conda: https://conda.anaconda.org/conda-forge/osx-arm64/tk-8.6.13-h892fb3f_3.conda
      - conda: https://conda.anaconda.org/conda-forge/noarch/tzdata-2025b-h78e105d_0.conda
      - conda: https://conda.anaconda.org/conda-forge/osx-arm64/uv-0.9.10-h1bde295_0.conda
      - conda: https://conda.anaconda.org/conda-forge/noarch/xarray-2025.11.0-pyhcf101f3_0.conda
      - pypi: https://files.pythonhosted.org/packages/3b/00/2344469e2084fb287c2e0b57b72910309874c3245463acd6cf5e3db69324/appdirs-1.4.4-py2.py3-none-any.whl
      - pypi: https://files.pythonhosted.org/packages/6d/18/af991251dc2f84b1e86b2ec1aa7c77831d90962a69668bba75402da9ad68/astropy-7.1.1-cp313-cp313-macosx_11_0_arm64.whl
      - pypi: https://files.pythonhosted.org/packages/d3/9d/51b958a9f8474f04462923550641ccbef9a50566a63c87d691bec443a7d0/astropy_iers_data-0.2025.11.10.0.38.31-py3-none-any.whl
      - pypi: https://files.pythonhosted.org/packages/e3/ca/944b328f2c60b83896a9223312e21e46cdc1fef57565e853da4544ff6a8e/astroquery-0.4.11-py3-none-any.whl
      - pypi: https://files.pythonhosted.org/packages/94/fe/3aed5d0be4d404d12d36ab97e2f1791424d9ca39c2f754a6285d59a3b01d/beautifulsoup4-4.14.2-py3-none-any.whl
      - pypi: https://files.pythonhosted.org/packages/70/7d/9bc192684cea499815ff478dfcdc13835ddf401365057044fb721ec6bddb/certifi-2025.11.12-py3-none-any.whl
      - pypi: https://files.pythonhosted.org/packages/97/45/4b3a1239bbacd321068ea6e7ac28875b03ab8bc0aa0966452db17cd36714/charset_normalizer-3.4.4-cp313-cp313-macosx_10_13_universal2.whl
      - pypi: https://files.pythonhosted.org/packages/96/e4/7adcd9c8362745b2210728f209bfbcf7d91ba868a2c5f40d8b58f54c509b/contourpy-1.3.3-cp313-cp313-macosx_11_0_arm64.whl
      - pypi: https://files.pythonhosted.org/packages/e7/05/c19819d5e3d95294a6f5947fb9b9629efb316b96de511b418c53d245aae6/cycler-0.12.1-py3-none-any.whl
      - pypi: https://files.pythonhosted.org/packages/3f/27/4570e78fc0bf5ea0ca45eb1de3818a23787af9b390c0b0a0033a1b8236f9/diskcache-5.6.3-py3-none-any.whl
      - pypi: https://files.pythonhosted.org/packages/7c/5b/cdd2c612277b7ac7ec8c0c9bc41812c43dc7b2d5f2b0897e15fdf5a1f915/fonttools-4.60.1-cp313-cp313-macosx_10_13_universal2.whl
      - pypi: https://files.pythonhosted.org/packages/6c/dd/a834df6482147d48e225a49515aabc28974ad5a4ca3215c18a882565b028/html5lib-1.1-py2.py3-none-any.whl
      - pypi: https://files.pythonhosted.org/packages/c3/5b/9512c5fb6c8218332b530f13500c6ff5f3ce3342f35e0dd7be9ac3856fd3/humanize-4.14.0-py3-none-any.whl
      - pypi: https://files.pythonhosted.org/packages/0e/61/66938bbb5fc52dbdf84594873d5b51fb1f7c7794e9c0f5bd885f30bc507b/idna-3.11-py3-none-any.whl
      - pypi: https://files.pythonhosted.org/packages/7f/66/b15ce62552d84bbfcec9a4873ab79d993a1dd4edb922cbfccae192bd5b5f/jaraco.classes-3.4.0-py3-none-any.whl
      - pypi: https://files.pythonhosted.org/packages/ff/db/0c52c4cf5e4bd9f5d7135ec7669a3a767af21b3a308e1ed3674881e52b62/jaraco.context-6.0.1-py3-none-any.whl
      - pypi: https://files.pythonhosted.org/packages/b4/09/726f168acad366b11e420df31bf1c702a54d373a83f968d94141a8c3fde0/jaraco_functools-4.3.0-py3-none-any.whl
      - pypi: https://files.pythonhosted.org/packages/81/db/e655086b7f3a705df045bf0933bdd9c2f79bb3c97bfef1384598bb79a217/keyring-25.7.0-py3-none-any.whl
      - pypi: https://files.pythonhosted.org/packages/2d/7a/9d90a151f558e29c3936b8a47ac770235f436f2120aca41a6d5f3d62ae8d/kiwisolver-1.4.9-cp313-cp313-macosx_11_0_arm64.whl
      - pypi: https://files.pythonhosted.org/packages/bc/d0/b3d3338d467d3fc937f0bb7f256711395cae6f78e22cef0656159950adf0/matplotlib-3.10.7-cp313-cp313-macosx_11_0_arm64.whl
      - pypi: https://files.pythonhosted.org/packages/a4/8e/469e5a4a2f5855992e425f3cb33804cc07bf18d48f2db061aec61ce50270/more_itertools-10.8.0-py3-none-any.whl
      - pypi: https://files.pythonhosted.org/packages/83/06/48eab21dd561de2914242711434c0c0eb992ed08ff3f6107a5f44527f5e9/pillow-12.0.0-cp313-cp313-macosx_11_0_arm64.whl
      - pypi: https://files.pythonhosted.org/packages/0b/88/260ed63b201319dfd18b8518770686933ecab96cc7d68046511c5aadfeee/pycdfpp-0.8.2-cp313-cp313-macosx_11_0_arm64.whl
      - pypi: https://files.pythonhosted.org/packages/11/4a/31a363370478b63c6289a34743f2ba2d3ae1bd8223e004d18ab28fb92385/pyerfa-2.0.1.5-cp39-abi3-macosx_11_0_arm64.whl
      - pypi: https://files.pythonhosted.org/packages/b5/43/ddfcb955498865c6528c632dc35e75cc0e33886e86c6dce461d4f1ea3bf3/pyistp-0.7.2-py3-none-any.whl
      - pypi: https://files.pythonhosted.org/packages/10/5e/1aa9a93198c6b64513c9d7752de7422c06402de6600a8767da1524f9570b/pyparsing-3.2.5-py3-none-any.whl
      - pypi: https://files.pythonhosted.org/packages/66/27/c16e0ba0861c4cd82d4fb014eb2769455e5ee87887640b7d5d971a8b1323/pyvo-1.8-py3-none-any.whl
      - pypi: https://files.pythonhosted.org/packages/b1/16/95309993f1d3748cd644e02e38b75d50cbc0d9561d21f390a76242ce073f/pyyaml-6.0.3-cp313-cp313-macosx_11_0_arm64.whl
      - pypi: https://files.pythonhosted.org/packages/1e/db/4254e3eabe8020b458f1a747140d32277ec7a271daf1d235b70dc0b4e6e3/requests-2.32.5-py3-none-any.whl
      - pypi: https://files.pythonhosted.org/packages/44/13/7e63cfba8a7452eb756306aa2fd9b37a29a323b672b964b4fdeded9a3f21/scipy-1.16.3-cp313-cp313-macosx_12_0_arm64.whl
      - pypi: https://files.pythonhosted.org/packages/14/a0/bb38d3b76b8cae341dad93a2dd83ab7462e6dbcdd84d43f54ee60a8dc167/soupsieve-2.8-py3-none-any.whl
      - pypi: git+https://github.com/sciqlop/speasy#90239949feb71ed103db789e7d08e7a9e74124b9
      - pypi: https://files.pythonhosted.org/packages/d0/30/dc54f88dd4a2b5dc8a0279bdd7270e735851848b762aeb1c1184ed1f6b14/tqdm-4.67.1-py3-none-any.whl
      - pypi: https://files.pythonhosted.org/packages/18/67/36e9267722cc04a6b9f15c7f3441c2363321a3ea07da7ae0c0707beb2a9c/typing_extensions-4.15.0-py3-none-any.whl
      - pypi: https://files.pythonhosted.org/packages/a7/c2/fe1e52489ae3122415c51f387e221dd0773709bad6c6cdaa599e8a2c5185/urllib3-2.5.0-py3-none-any.whl
      - pypi: https://files.pythonhosted.org/packages/f4/24/2a3e3df732393fed8b3ebf2ec078f05546de641fe1b667ee316ec1dcf3b7/webencodings-0.5.1-py2.py3-none-any.whl
packages:
- pypi: https://files.pythonhosted.org/packages/3b/00/2344469e2084fb287c2e0b57b72910309874c3245463acd6cf5e3db69324/appdirs-1.4.4-py2.py3-none-any.whl
  name: appdirs
  version: 1.4.4
  sha256: a841dacd6b99318a741b166adb07e19ee71a274450e68237b4650ca1055ab128
- pypi: https://files.pythonhosted.org/packages/6d/18/af991251dc2f84b1e86b2ec1aa7c77831d90962a69668bba75402da9ad68/astropy-7.1.1-cp313-cp313-macosx_11_0_arm64.whl
  name: astropy
  version: 7.1.1
  sha256: c0c587ff3eab76474e696917273242d434c11de3d729971598b773cf15ef8ff0
  requires_dist:
  - numpy>=1.23.2
  - pyerfa>=2.0.1.1
  - astropy-iers-data>=0.2025.9.29.0.35.48
  - pyyaml>=6.0.0
  - packaging>=22.0.0
  - scipy>=1.9.2 ; extra == 'recommended'
  - matplotlib>=3.6.0 ; extra == 'recommended'
  - ipython>=8.0.0 ; extra == 'ipython'
  - astropy[ipython] ; extra == 'jupyter'
  - ipywidgets>=7.7.3 ; extra == 'jupyter'
  - ipykernel>=6.16.0 ; extra == 'jupyter'
  - ipydatagrid>=1.1.13 ; extra == 'jupyter'
  - jupyter-core>=4.11.2 ; extra == 'jupyter'
  - pandas>=1.5.0 ; extra == 'jupyter'
  - astropy[recommended] ; extra == 'all'
  - astropy[ipython] ; extra == 'all'
  - astropy[jupyter] ; extra == 'all'
  - certifi>=2022.6.15.1 ; extra == 'all'
  - dask[array]>=2022.5.1 ; extra == 'all'
  - h5py>=3.8.0 ; extra == 'all'
  - pyarrow>=10.0.1 ; extra == 'all'
  - beautifulsoup4>=4.9.3 ; extra == 'all'
  - html5lib>=1.1 ; extra == 'all'
  - bleach>=3.2.1 ; extra == 'all'
  - pandas>=2.0 ; extra == 'all'
  - sortedcontainers>=1.5.7 ; extra == 'all'
  - pytz>=2016.10 ; extra == 'all'
  - jplephem>=2.6 ; extra == 'all'
  - mpmath>=1.2.1 ; extra == 'all'
  - asdf>=2.8.3 ; extra == 'all'
  - asdf-astropy>=0.3 ; extra == 'all'
  - bottleneck>=1.3.3 ; extra == 'all'
  - fsspec[http]>=2023.4.0 ; extra == 'all'
  - s3fs>=2023.4.0 ; extra == 'all'
  - uncompresspy>=0.4.0 ; extra == 'all'
  - coverage>=6.4.4 ; extra == 'test'
  - pre-commit>=2.9.3 ; extra == 'test'
  - pytest>=8.0.0 ; extra == 'test'
  - pytest-doctestplus>=1.4.0 ; extra == 'test'
  - pytest-astropy-header>=0.2.1 ; extra == 'test'
  - pytest-astropy>=0.10.0 ; extra == 'test'
  - pytest-xdist>=2.5.0 ; extra == 'test'
  - threadpoolctl>=3.0.0 ; extra == 'test'
  - astropy[all] ; extra == 'test-all'
  - astropy[test] ; extra == 'test-all'
  - objgraph>=1.6.0 ; extra == 'test-all'
  - skyfield>=1.20 ; extra == 'test-all'
  - sgp4>=2.3 ; extra == 'test-all'
  - array-api-strict>=1.0 ; extra == 'test-all'
  - array-api-strict<2.4 ; python_full_version < '3.12' and extra == 'test-all'
  - pandas-stubs>=2.0 ; extra == 'typing'
  - astropy[recommended] ; extra == 'docs'
  - sphinx ; extra == 'docs'
  - sphinx-astropy[confv2]>=1.9.1 ; extra == 'docs'
  - pytest>=8.0.0 ; extra == 'docs'
  - sphinx-changelog>=1.2.0 ; extra == 'docs'
  - sphinx-design ; extra == 'docs'
  - jinja2>=3.1.3 ; extra == 'docs'
  - sphinxcontrib-globalsubs>=0.1.1 ; extra == 'docs'
  - matplotlib>=3.9.1 ; extra == 'docs'
  - astropy[recommended] ; extra == 'dev'
  - astropy[test] ; extra == 'dev'
  - astropy[docs] ; extra == 'dev'
  - astropy[typing] ; extra == 'dev'
  - tox ; extra == 'dev-all'
  - astropy[dev] ; extra == 'dev-all'
  - astropy[test-all] ; extra == 'dev-all'
  requires_python: '>=3.11'
- pypi: https://files.pythonhosted.org/packages/d3/9d/51b958a9f8474f04462923550641ccbef9a50566a63c87d691bec443a7d0/astropy_iers_data-0.2025.11.10.0.38.31-py3-none-any.whl
  name: astropy-iers-data
  version: 0.2025.11.10.0.38.31
  sha256: 620155a3f04d7c96e7f4aaa498dc4571e15449f23963574106d29d8959d4c66f
  requires_dist:
  - pytest ; extra == 'docs'
  - hypothesis ; extra == 'test'
  - pytest ; extra == 'test'
  - pytest-remotedata ; extra == 'test'
  requires_python: '>=3.8'
- pypi: https://files.pythonhosted.org/packages/e3/ca/944b328f2c60b83896a9223312e21e46cdc1fef57565e853da4544ff6a8e/astroquery-0.4.11-py3-none-any.whl
  name: astroquery
  version: 0.4.11
  sha256: e34f114b285dd07a10ddb2065ebce829b01b0e740fd89dbc81a3077808e24b2d
  requires_dist:
  - numpy>=1.20
  - astropy>=5.0
  - requests>=2.19
  - beautifulsoup4>=4.8
  - html5lib>=0.999
  - keyring>=15.0
  - pyvo>=1.5
  - pytest>=7.4 ; extra == 'test'
  - pytest-doctestplus>=1.4 ; extra == 'test'
  - pytest-timeout ; extra == 'test'
  - pytest-astropy ; extra == 'test'
  - matplotlib ; extra == 'test'
  - pytest-dependency ; extra == 'test'
  - pytest-rerunfailures ; extra == 'test'
  - fsspec[http] ; extra == 'test'
  - moto[s3] ; extra == 'test'
  - sphinx-automodapi<0.18 ; extra == 'docs'
  - matplotlib ; extra == 'docs'
  - sphinx-astropy>=1.5 ; extra == 'docs'
  - scipy ; extra == 'docs'
  - fsspec[http] ; extra == 'docs'
  - mocpy>=0.12 ; extra == 'all'
  - astropy-healpix ; extra == 'all'
  - boto3 ; extra == 'all'
  - regions>=0.5 ; extra == 'all'
  requires_python: '>=3.9'
- pypi: https://files.pythonhosted.org/packages/94/fe/3aed5d0be4d404d12d36ab97e2f1791424d9ca39c2f754a6285d59a3b01d/beautifulsoup4-4.14.2-py3-none-any.whl
  name: beautifulsoup4
  version: 4.14.2
  sha256: 5ef6fa3a8cbece8488d66985560f97ed091e22bbc4e9c2338508a9d5de6d4515
  requires_dist:
  - soupsieve>1.2
  - typing-extensions>=4.0.0
  - cchardet ; extra == 'cchardet'
  - chardet ; extra == 'chardet'
  - charset-normalizer ; extra == 'charset-normalizer'
  - html5lib ; extra == 'html5lib'
  - lxml ; extra == 'lxml'
  requires_python: '>=3.7.0'
- conda: https://conda.anaconda.org/conda-forge/osx-arm64/bzip2-1.0.8-hd037594_8.conda
  sha256: b456200636bd5fecb2bec63f7e0985ad2097cf1b83d60ce0b6968dffa6d02aa1
  md5: 58fd217444c2a5701a44244faf518206
  depends:
  - __osx >=11.0
  arch: arm64
  platform: osx
  license: bzip2-1.0.6
  license_family: BSD
  purls: []
  size: 125061
  timestamp: 1757437486465
- conda: https://conda.anaconda.org/conda-forge/noarch/ca-certificates-2025.11.12-hbd8a1cb_0.conda
  sha256: b986ba796d42c9d3265602bc038f6f5264095702dd546c14bc684e60c385e773
  md5: f0991f0f84902f6b6009b4d2350a83aa
  depends:
  - __unix
  license: ISC
  purls: []
  size: 152432
  timestamp: 1762967197890
- pypi: https://files.pythonhosted.org/packages/70/7d/9bc192684cea499815ff478dfcdc13835ddf401365057044fb721ec6bddb/certifi-2025.11.12-py3-none-any.whl
  name: certifi
  version: 2025.11.12
  sha256: 97de8790030bbd5c2d96b7ec782fc2f7820ef8dba6db909ccf95449f2d062d4b
  requires_python: '>=3.7'
- pypi: https://files.pythonhosted.org/packages/97/45/4b3a1239bbacd321068ea6e7ac28875b03ab8bc0aa0966452db17cd36714/charset_normalizer-3.4.4-cp313-cp313-macosx_10_13_universal2.whl
  name: charset-normalizer
  version: 3.4.4
  sha256: e1f185f86a6f3403aa2420e815904c67b2f9ebc443f045edd0de921108345794
  requires_python: '>=3.7'
- pypi: https://files.pythonhosted.org/packages/96/e4/7adcd9c8362745b2210728f209bfbcf7d91ba868a2c5f40d8b58f54c509b/contourpy-1.3.3-cp313-cp313-macosx_11_0_arm64.whl
  name: contourpy
  version: 1.3.3
  sha256: d002b6f00d73d69333dac9d0b8d5e84d9724ff9ef044fd63c5986e62b7c9e1b1
  requires_dist:
  - numpy>=1.25
  - furo ; extra == 'docs'
  - sphinx>=7.2 ; extra == 'docs'
  - sphinx-copybutton ; extra == 'docs'
  - bokeh ; extra == 'bokeh'
  - selenium ; extra == 'bokeh'
  - contourpy[bokeh,docs] ; extra == 'mypy'
  - bokeh ; extra == 'mypy'
  - docutils-stubs ; extra == 'mypy'
  - mypy==1.17.0 ; extra == 'mypy'
  - types-pillow ; extra == 'mypy'
  - contourpy[test-no-images] ; extra == 'test'
  - matplotlib ; extra == 'test'
  - pillow ; extra == 'test'
  - pytest ; extra == 'test-no-images'
  - pytest-cov ; extra == 'test-no-images'
  - pytest-rerunfailures ; extra == 'test-no-images'
  - pytest-xdist ; extra == 'test-no-images'
  - wurlitzer ; extra == 'test-no-images'
  requires_python: '>=3.11'
- pypi: https://files.pythonhosted.org/packages/e7/05/c19819d5e3d95294a6f5947fb9b9629efb316b96de511b418c53d245aae6/cycler-0.12.1-py3-none-any.whl
  name: cycler
  version: 0.12.1
  sha256: 85cef7cff222d8644161529808465972e51340599459b8ac3ccbac5a854e0d30
  requires_dist:
  - ipython ; extra == 'docs'
  - matplotlib ; extra == 'docs'
  - numpydoc ; extra == 'docs'
  - sphinx ; extra == 'docs'
  - pytest ; extra == 'tests'
  - pytest-cov ; extra == 'tests'
  - pytest-xdist ; extra == 'tests'
  requires_python: '>=3.8'
- pypi: https://files.pythonhosted.org/packages/3f/27/4570e78fc0bf5ea0ca45eb1de3818a23787af9b390c0b0a0033a1b8236f9/diskcache-5.6.3-py3-none-any.whl
  name: diskcache
  version: 5.6.3
  sha256: 5e31b2d5fbad117cc363ebaf6b689474db18a1f6438bc82358b024abd4c2ca19
  requires_python: '>=3'
- pypi: https://files.pythonhosted.org/packages/7c/5b/cdd2c612277b7ac7ec8c0c9bc41812c43dc7b2d5f2b0897e15fdf5a1f915/fonttools-4.60.1-cp313-cp313-macosx_10_13_universal2.whl
  name: fonttools
  version: 4.60.1
  sha256: 6f68576bb4bbf6060c7ab047b1574a1ebe5c50a17de62830079967b211059ebb
  requires_dist:
  - lxml>=4.0 ; extra == 'lxml'
  - brotli>=1.0.1 ; platform_python_implementation == 'CPython' and extra == 'woff'
  - brotlicffi>=0.8.0 ; platform_python_implementation != 'CPython' and extra == 'woff'
  - zopfli>=0.1.4 ; extra == 'woff'
  - unicodedata2>=15.1.0 ; python_full_version < '3.13' and extra == 'unicode'
  - lz4>=1.7.4.2 ; extra == 'graphite'
  - scipy ; platform_python_implementation != 'PyPy' and extra == 'interpolatable'
  - munkres ; platform_python_implementation == 'PyPy' and extra == 'interpolatable'
  - pycairo ; extra == 'interpolatable'
  - matplotlib ; extra == 'plot'
  - sympy ; extra == 'symfont'
  - xattr ; sys_platform == 'darwin' and extra == 'type1'
  - skia-pathops>=0.5.0 ; extra == 'pathops'
  - uharfbuzz>=0.23.0 ; extra == 'repacker'
  - lxml>=4.0 ; extra == 'all'
  - brotli>=1.0.1 ; platform_python_implementation == 'CPython' and extra == 'all'
  - brotlicffi>=0.8.0 ; platform_python_implementation != 'CPython' and extra == 'all'
  - zopfli>=0.1.4 ; extra == 'all'
  - unicodedata2>=15.1.0 ; python_full_version < '3.13' and extra == 'all'
  - lz4>=1.7.4.2 ; extra == 'all'
  - scipy ; platform_python_implementation != 'PyPy' and extra == 'all'
  - munkres ; platform_python_implementation == 'PyPy' and extra == 'all'
  - pycairo ; extra == 'all'
  - matplotlib ; extra == 'all'
  - sympy ; extra == 'all'
  - xattr ; sys_platform == 'darwin' and extra == 'all'
  - skia-pathops>=0.5.0 ; extra == 'all'
  - uharfbuzz>=0.23.0 ; extra == 'all'
  requires_python: '>=3.9'
- pypi: https://files.pythonhosted.org/packages/6c/dd/a834df6482147d48e225a49515aabc28974ad5a4ca3215c18a882565b028/html5lib-1.1-py2.py3-none-any.whl
  name: html5lib
  version: '1.1'
  sha256: 0d78f8fde1c230e99fe37986a60526d7049ed4bf8a9fadbad5f00e22e58e041d
  requires_dist:
  - six>=1.9
  - webencodings
  - genshi ; extra == 'all'
  - chardet>=2.2 ; extra == 'all'
  - lxml ; platform_python_implementation == 'CPython' and extra == 'all'
  - chardet>=2.2 ; extra == 'chardet'
  - genshi ; extra == 'genshi'
  - lxml ; platform_python_implementation == 'CPython' and extra == 'lxml'
  requires_python: '>=2.7,!=3.0.*,!=3.1.*,!=3.2.*,!=3.3.*,!=3.4.*'
- pypi: https://files.pythonhosted.org/packages/c3/5b/9512c5fb6c8218332b530f13500c6ff5f3ce3342f35e0dd7be9ac3856fd3/humanize-4.14.0-py3-none-any.whl
  name: humanize
  version: 4.14.0
  sha256: d57701248d040ad456092820e6fde56c930f17749956ac47f4f655c0c547bfff
  requires_dist:
  - freezegun ; extra == 'tests'
  - pytest ; extra == 'tests'
  - pytest-cov ; extra == 'tests'
  requires_python: '>=3.10'
- conda: https://conda.anaconda.org/conda-forge/osx-arm64/icu-75.1-hfee45f7_0.conda
  sha256: 9ba12c93406f3df5ab0a43db8a4b4ef67a5871dfd401010fbe29b218b2cbe620
  md5: 5eb22c1d7b3fc4abb50d92d621583137
  depends:
  - __osx >=11.0
  arch: arm64
  platform: osx
  license: MIT
  license_family: MIT
  purls: []
  size: 11857802
  timestamp: 1720853997952
- pypi: https://files.pythonhosted.org/packages/0e/61/66938bbb5fc52dbdf84594873d5b51fb1f7c7794e9c0f5bd885f30bc507b/idna-3.11-py3-none-any.whl
  name: idna
  version: '3.11'
  sha256: 771a87f49d9defaf64091e6e6fe9c18d4833f140bd19464795bc32d966ca37ea
  requires_dist:
  - ruff>=0.6.2 ; extra == 'all'
  - mypy>=1.11.2 ; extra == 'all'
  - pytest>=8.3.2 ; extra == 'all'
  - flake8>=7.1.1 ; extra == 'all'
  requires_python: '>=3.8'
- pypi: https://files.pythonhosted.org/packages/7f/66/b15ce62552d84bbfcec9a4873ab79d993a1dd4edb922cbfccae192bd5b5f/jaraco.classes-3.4.0-py3-none-any.whl
  name: jaraco-classes
  version: 3.4.0
  sha256: f662826b6bed8cace05e7ff873ce0f9283b5c924470fe664fff1c2f00f581790
  requires_dist:
  - more-itertools
  - sphinx>=3.5 ; extra == 'docs'
  - jaraco-packaging>=9.3 ; extra == 'docs'
  - rst-linker>=1.9 ; extra == 'docs'
  - furo ; extra == 'docs'
  - sphinx-lint ; extra == 'docs'
  - jaraco-tidelift>=1.4 ; extra == 'docs'
  - pytest>=6 ; extra == 'testing'
  - pytest-checkdocs>=2.4 ; extra == 'testing'
  - pytest-cov ; extra == 'testing'
  - pytest-mypy ; extra == 'testing'
  - pytest-enabler>=2.2 ; extra == 'testing'
  - pytest-ruff>=0.2.1 ; extra == 'testing'
  requires_python: '>=3.8'
- pypi: https://files.pythonhosted.org/packages/ff/db/0c52c4cf5e4bd9f5d7135ec7669a3a767af21b3a308e1ed3674881e52b62/jaraco.context-6.0.1-py3-none-any.whl
  name: jaraco-context
  version: 6.0.1
  sha256: f797fc481b490edb305122c9181830a3a5b76d84ef6d1aef2fb9b47ab956f9e4
  requires_dist:
  - backports-tarfile ; python_full_version < '3.12'
  - sphinx>=3.5 ; extra == 'doc'
  - jaraco-packaging>=9.3 ; extra == 'doc'
  - rst-linker>=1.9 ; extra == 'doc'
  - furo ; extra == 'doc'
  - sphinx-lint ; extra == 'doc'
  - jaraco-tidelift>=1.4 ; extra == 'doc'
  - pytest>=6,!=8.1.* ; extra == 'test'
  - pytest-checkdocs>=2.4 ; extra == 'test'
  - pytest-cov ; extra == 'test'
  - pytest-mypy ; extra == 'test'
  - pytest-enabler>=2.2 ; extra == 'test'
  - portend ; extra == 'test'
  - pytest-ruff>=0.2.1 ; sys_platform != 'cygwin' and extra == 'test'
  requires_python: '>=3.8'
- pypi: https://files.pythonhosted.org/packages/b4/09/726f168acad366b11e420df31bf1c702a54d373a83f968d94141a8c3fde0/jaraco_functools-4.3.0-py3-none-any.whl
  name: jaraco-functools
  version: 4.3.0
  sha256: 227ff8ed6f7b8f62c56deff101545fa7543cf2c8e7b82a7c2116e672f29c26e8
  requires_dist:
  - more-itertools
  - pytest>=6,!=8.1.* ; extra == 'test'
  - jaraco-classes ; extra == 'test'
  - sphinx>=3.5 ; extra == 'doc'
  - jaraco-packaging>=9.3 ; extra == 'doc'
  - rst-linker>=1.9 ; extra == 'doc'
  - furo ; extra == 'doc'
  - sphinx-lint ; extra == 'doc'
  - jaraco-tidelift>=1.4 ; extra == 'doc'
  - pytest-checkdocs>=2.4 ; extra == 'check'
  - pytest-ruff>=0.2.1 ; sys_platform != 'cygwin' and extra == 'check'
  - pytest-cov ; extra == 'cover'
  - pytest-enabler>=2.2 ; extra == 'enabler'
  - pytest-mypy ; extra == 'type'
  requires_python: '>=3.9'
- pypi: https://files.pythonhosted.org/packages/81/db/e655086b7f3a705df045bf0933bdd9c2f79bb3c97bfef1384598bb79a217/keyring-25.7.0-py3-none-any.whl
  name: keyring
  version: 25.7.0
  sha256: be4a0b195f149690c166e850609a477c532ddbfbaed96a404d4e43f8d5e2689f
  requires_dist:
  - pywin32-ctypes>=0.2.0 ; sys_platform == 'win32'
  - secretstorage>=3.2 ; sys_platform == 'linux'
  - jeepney>=0.4.2 ; sys_platform == 'linux'
  - importlib-metadata>=4.11.4 ; python_full_version < '3.12'
  - jaraco-classes
  - jaraco-functools
  - jaraco-context
  - pytest>=6,!=8.1.* ; extra == 'test'
  - pyfakefs ; extra == 'test'
  - sphinx>=3.5 ; extra == 'doc'
  - jaraco-packaging>=9.3 ; extra == 'doc'
  - rst-linker>=1.9 ; extra == 'doc'
  - furo ; extra == 'doc'
  - sphinx-lint ; extra == 'doc'
  - jaraco-tidelift>=1.4 ; extra == 'doc'
  - pytest-checkdocs>=2.4 ; extra == 'check'
  - pytest-ruff>=0.2.1 ; sys_platform != 'cygwin' and extra == 'check'
  - pytest-cov ; extra == 'cover'
  - pytest-enabler>=3.4 ; extra == 'enabler'
  - pytest-mypy>=1.0.1 ; extra == 'type'
  - pygobject-stubs ; extra == 'type'
  - shtab ; extra == 'type'
  - types-pywin32 ; extra == 'type'
  - shtab>=1.1.0 ; extra == 'completion'
  requires_python: '>=3.9'
- pypi: https://files.pythonhosted.org/packages/2d/7a/9d90a151f558e29c3936b8a47ac770235f436f2120aca41a6d5f3d62ae8d/kiwisolver-1.4.9-cp313-cp313-macosx_11_0_arm64.whl
  name: kiwisolver
  version: 1.4.9
  sha256: 1a12cf6398e8a0a001a059747a1cbf24705e18fe413bc22de7b3d15c67cffe3f
  requires_python: '>=3.10'
- conda: https://conda.anaconda.org/conda-forge/osx-arm64/libblas-3.11.0-1_h51639a9_openblas.conda
  build_number: 1
  sha256: 7096038e2231bfe315e7e5d3faba2371b70f9d6d897e065afd085781304dc8d1
  md5: 379254bdc34eec0bd4464935c3bff8ba
  depends:
  - libopenblas >=0.3.30,<0.3.31.0a0
  - libopenblas >=0.3.30,<1.0a0
  constrains:
  - blas 2.301   openblas
  - liblapacke 3.11.0   1*_openblas
  - liblapack  3.11.0   1*_openblas
  - libcblas   3.11.0   1*_openblas
  - mkl <2026
  arch: arm64
  platform: osx
  license: BSD-3-Clause
  license_family: BSD
  purls: []
  size: 18675
  timestamp: 1763447903446
- conda: https://conda.anaconda.org/conda-forge/osx-arm64/libcblas-3.11.0-1_hb0561ab_openblas.conda
  build_number: 1
  sha256: 816592d4f39a30db77b5de45e532b6f536f740d333840af21fcf6daf2f0b0c18
  md5: f2b9d50745b55f4a837b333e69b5974a
  depends:
  - libblas 3.11.0 1_h51639a9_openblas
  constrains:
  - blas 2.301   openblas
  - liblapacke 3.11.0   1*_openblas
  - liblapack  3.11.0   1*_openblas
  arch: arm64
  platform: osx
  license: BSD-3-Clause
  license_family: BSD
  purls: []
  size: 18671
  timestamp: 1763447915947
- conda: https://conda.anaconda.org/conda-forge/osx-arm64/libcxx-21.1.6-hf598326_0.conda
  sha256: 6c8d5c50f398035c39f118a6decf91b11d2461c88aef99f81e5c5de200d2a7fa
  md5: 3ea79e55a64bff6c3cbd4588c89a527a
  depends:
  - __osx >=11.0
  arch: arm64
  platform: osx
  license: Apache-2.0 WITH LLVM-exception
  license_family: Apache
  purls: []
  size: 569823
  timestamp: 1763470498512
- conda: https://conda.anaconda.org/conda-forge/osx-arm64/libexpat-2.7.1-hec049ff_0.conda
  sha256: 8fbb17a56f51e7113ed511c5787e0dec0d4b10ef9df921c4fd1cccca0458f648
  md5: b1ca5f21335782f71a8bd69bdc093f67
  depends:
  - __osx >=11.0
  constrains:
  - expat 2.7.1.*
  arch: arm64
  platform: osx
  license: MIT
  license_family: MIT
  purls: []
  size: 65971
  timestamp: 1752719657566
- conda: https://conda.anaconda.org/conda-forge/osx-arm64/libffi-3.5.2-he5f378a_0.conda
  sha256: 9b8acdf42df61b7bfe8bdc545c016c29e61985e79748c64ad66df47dbc2e295f
  md5: 411ff7cd5d1472bba0f55c0faf04453b
  depends:
  - __osx >=11.0
  arch: arm64
  platform: osx
  license: MIT
  license_family: MIT
  purls: []
  size: 40251
  timestamp: 1760295839166
- conda: https://conda.anaconda.org/conda-forge/osx-arm64/libgfortran-15.2.0-hfcf01ff_1.conda
  sha256: e9a5d1208b9dc0b576b35a484d527d9b746c4e65620e0d77c44636033b2245f0
  md5: f699348e3f4f924728e33551b1920f79
  depends:
  - libgfortran5 15.2.0 h742603c_1
  arch: arm64
  platform: osx
  license: GPL-3.0-only WITH GCC-exception-3.1
  license_family: GPL
  purls: []
  size: 134016
  timestamp: 1759712902814
- conda: https://conda.anaconda.org/conda-forge/osx-arm64/libgfortran5-15.2.0-h742603c_1.conda
  sha256: 18808697013a625ca876eeee3d86ee5b656f17c391eca4a4bc70867717cc5246
  md5: afccf412b03ce2f309f875ff88419173
  depends:
  - llvm-openmp >=8.0.0
  constrains:
  - libgfortran 15.2.0
  arch: arm64
  platform: osx
  license: GPL-3.0-only WITH GCC-exception-3.1
  license_family: GPL
  purls: []
  size: 764028
  timestamp: 1759712189275
- conda: https://conda.anaconda.org/conda-forge/osx-arm64/liblapack-3.11.0-1_hd9741b5_openblas.conda
  build_number: 1
  sha256: acee73900f85c8cf2db56540e905c8ac32e08bccc08d8b54bf4091b5a9ad1ed9
  md5: 5659bf8243896cb24e3de819d422b1a3
  depends:
  - libblas 3.11.0 1_h51639a9_openblas
  constrains:
  - blas 2.301   openblas
  - liblapacke 3.11.0   1*_openblas
  - libcblas   3.11.0   1*_openblas
  arch: arm64
  platform: osx
  license: BSD-3-Clause
  license_family: BSD
  purls: []
  size: 18703
  timestamp: 1763447928749
- conda: https://conda.anaconda.org/conda-forge/osx-arm64/liblzma-5.8.1-h39f12f2_2.conda
  sha256: 0cb92a9e026e7bd4842f410a5c5c665c89b2eb97794ffddba519a626b8ce7285
  md5: d6df911d4564d77c4374b02552cb17d1
  depends:
  - __osx >=11.0
  constrains:
  - xz 5.8.1.*
  arch: arm64
  platform: osx
  license: 0BSD
  purls: []
  size: 92286
  timestamp: 1749230283517
- conda: https://conda.anaconda.org/conda-forge/osx-arm64/libmpdec-4.0.0-h5505292_0.conda
  sha256: 0a1875fc1642324ebd6c4ac864604f3f18f57fbcf558a8264f6ced028a3c75b2
  md5: 85ccccb47823dd9f7a99d2c7f530342f
  depends:
  - __osx >=11.0
  arch: arm64
  platform: osx
  license: BSD-2-Clause
  license_family: BSD
  purls: []
  size: 71829
  timestamp: 1748393749336
- conda: https://conda.anaconda.org/conda-forge/osx-arm64/libopenblas-0.3.30-openmp_ha158390_3.conda
  sha256: dcc626c7103503d1dfc0371687ad553cb948b8ed0249c2a721147bdeb8db4a73
  md5: a18a7f471c517062ee71b843ef95eb8a
  depends:
  - __osx >=11.0
  - libgfortran
  - libgfortran5 >=14.3.0
  - llvm-openmp >=19.1.7
  constrains:
  - openblas >=0.3.30,<0.3.31.0a0
  arch: arm64
  platform: osx
  license: BSD-3-Clause
  license_family: BSD
  purls: []
  size: 4285762
  timestamp: 1761749506256
- conda: https://conda.anaconda.org/conda-forge/osx-arm64/libsqlite-3.51.0-h8adb53f_0.conda
  sha256: b43d198f147f46866e5336c4a6b91668beef698bfba69d1706158460eadb2c1b
  md5: 5fb1945dbc6380e6fe7e939a62267772
  depends:
  - __osx >=11.0
  - icu >=75.1,<76.0a0
  - libzlib >=1.3.1,<2.0a0
  arch: arm64
  platform: osx
  license: blessing
  purls: []
  size: 909508
  timestamp: 1762300078624
- conda: https://conda.anaconda.org/conda-forge/osx-arm64/libzlib-1.3.1-h8359307_2.conda
  sha256: ce34669eadaba351cd54910743e6a2261b67009624dbc7daeeafdef93616711b
  md5: 369964e85dc26bfe78f41399b366c435
  depends:
  - __osx >=11.0
  constrains:
  - zlib 1.3.1 *_2
  arch: arm64
  platform: osx
  license: Zlib
  license_family: Other
  purls: []
  size: 46438
  timestamp: 1727963202283
- conda: https://conda.anaconda.org/conda-forge/osx-arm64/llvm-openmp-21.1.5-h4a912ad_2.conda
  sha256: 38c5afe67f7e982b5a1c53a02ada948cf903ff5680f08f320f4334003f80a005
  md5: 3f8e66ee981067a7fff0c6855ff29f77
  depends:
  - __osx >=11.0
  constrains:
  - openmp 21.1.5|21.1.5.*
  - intel-openmp <0.0a0
  arch: arm64
  platform: osx
  license: Apache-2.0 WITH LLVM-exception
  license_family: APACHE
  purls: []
  size: 285942
  timestamp: 1763095107736
- pypi: https://files.pythonhosted.org/packages/bc/d0/b3d3338d467d3fc937f0bb7f256711395cae6f78e22cef0656159950adf0/matplotlib-3.10.7-cp313-cp313-macosx_11_0_arm64.whl
  name: matplotlib
  version: 3.10.7
  sha256: 37a1fea41153dd6ee061d21ab69c9cf2cf543160b1b85d89cd3d2e2a7902ca4c
  requires_dist:
  - contourpy>=1.0.1
  - cycler>=0.10
  - fonttools>=4.22.0
  - kiwisolver>=1.3.1
  - numpy>=1.23
  - packaging>=20.0
  - pillow>=8
  - pyparsing>=3
  - python-dateutil>=2.7
  - meson-python>=0.13.1,<0.17.0 ; extra == 'dev'
  - pybind11>=2.13.2,!=2.13.3 ; extra == 'dev'
  - setuptools-scm>=7 ; extra == 'dev'
  - setuptools>=64 ; extra == 'dev'
  requires_python: '>=3.10'
- pypi: https://files.pythonhosted.org/packages/a4/8e/469e5a4a2f5855992e425f3cb33804cc07bf18d48f2db061aec61ce50270/more_itertools-10.8.0-py3-none-any.whl
  name: more-itertools
  version: 10.8.0
  sha256: 52d4362373dcf7c52546bc4af9a86ee7c4579df9a8dc268be0a2f949d376cc9b
  requires_python: '>=3.9'
- conda: https://conda.anaconda.org/conda-forge/osx-arm64/ncurses-6.5-h5e97a16_3.conda
  sha256: 2827ada40e8d9ca69a153a45f7fd14f32b2ead7045d3bbb5d10964898fe65733
  md5: 068d497125e4bf8a66bf707254fff5ae
  depends:
  - __osx >=11.0
  arch: arm64
  platform: osx
  license: X11 AND BSD-3-Clause
  purls: []
  size: 797030
  timestamp: 1738196177597
- conda: https://conda.anaconda.org/conda-forge/osx-arm64/numpy-2.3.5-py313h9771d21_0.conda
  sha256: 508a9a39c4e5707bbc80c3bf5bb814b458f3948562f326d135e7707bfc052bd1
  md5: 3f8330206033158d3e443120500af416
  depends:
  - python
  - python 3.13.* *_cp313
  - __osx >=11.0
  - libcxx >=19
  - libblas >=3.9.0,<4.0a0
  - libcblas >=3.9.0,<4.0a0
  - python_abi 3.13.* *_cp313
  - liblapack >=3.9.0,<4.0a0
  constrains:
  - numpy-base <0a0
  arch: arm64
  platform: osx
  license: BSD-3-Clause
  license_family: BSD
  purls:
  - pkg:pypi/numpy?source=hash-mapping
  size: 6791770
  timestamp: 1763350918650
- conda: https://conda.anaconda.org/conda-forge/osx-arm64/openssl-3.5.4-h5503f6c_0.conda
  sha256: f0512629f9589392c2fb9733d11e753d0eab8fc7602f96e4d7f3bd95c783eb07
  md5: 71118318f37f717eefe55841adb172fd
  depends:
  - __osx >=11.0
  - ca-certificates
  arch: arm64
  platform: osx
  license: Apache-2.0
  license_family: Apache
  purls: []
  size: 3067808
  timestamp: 1759324763146
- conda: https://conda.anaconda.org/conda-forge/noarch/packaging-25.0-pyh29332c3_1.conda
  sha256: 289861ed0c13a15d7bbb408796af4de72c2fe67e2bcb0de98f4c3fce259d7991
  md5: 58335b26c38bf4a20f399384c33cbcf9
  depends:
  - python >=3.8
  - python
  license: Apache-2.0
  license_family: APACHE
  purls:
  - pkg:pypi/packaging?source=hash-mapping
  size: 62477
  timestamp: 1745345660407
- conda: https://conda.anaconda.org/conda-forge/osx-arm64/pandas-2.3.3-py313h7d16b84_1.conda
  sha256: 39c1ceac0e4484fd3ec1324f0550a21aee7578f6ed2f21981b878573c197a40e
  md5: 5ddddcc319d3aee21cc4fe4640a61f8a
  depends:
  - __osx >=11.0
  - libcxx >=19
  - numpy >=1.22.4
  - numpy >=1.23,<3
  - python >=3.13,<3.14.0a0
  - python >=3.13,<3.14.0a0 *_cp313
  - python-dateutil >=2.8.2
  - python-tzdata >=2022.7
  - python_abi 3.13.* *_cp313
  - pytz >=2020.1
  constrains:
  - sqlalchemy >=2.0.0
  - openpyxl >=3.1.0
  - pytables >=3.8.0
  - gcsfs >=2022.11.0
  - tabulate >=0.9.0
  - bottleneck >=1.3.6
  - pandas-gbq >=0.19.0
  - odfpy >=1.4.1
  - beautifulsoup4 >=4.11.2
  - xarray >=2022.12.0
  - html5lib >=1.1
  - matplotlib >=3.6.3
  - pyreadstat >=1.2.0
  - zstandard >=0.19.0
  - scipy >=1.10.0
  - lxml >=4.9.2
  - s3fs >=2022.11.0
  - blosc >=1.21.3
  - fastparquet >=2022.12.0
  - numba >=0.56.4
  - numexpr >=2.8.4
  - xlsxwriter >=3.0.5
  - pyxlsb >=1.0.10
  - psycopg2 >=2.9.6
  - pyqt5 >=5.15.9
  - python-calamine >=0.1.7
  - pyarrow >=10.0.1
  - fsspec >=2022.11.0
  - tzdata >=2022.7
  - xlrd >=2.0.1
  - qtpy >=2.3.0
  arch: arm64
  platform: osx
  license: BSD-3-Clause
  license_family: BSD
  purls:
  - pkg:pypi/pandas?source=hash-mapping
  size: 14052072
  timestamp: 1759266462037
- pypi: https://files.pythonhosted.org/packages/83/06/48eab21dd561de2914242711434c0c0eb992ed08ff3f6107a5f44527f5e9/pillow-12.0.0-cp313-cp313-macosx_11_0_arm64.whl
  name: pillow
  version: 12.0.0
  sha256: 5193fde9a5f23c331ea26d0cf171fbf67e3f247585f50c08b3e205c7aeb4589b
  requires_dist:
  - furo ; extra == 'docs'
  - olefile ; extra == 'docs'
  - sphinx>=8.2 ; extra == 'docs'
  - sphinx-autobuild ; extra == 'docs'
  - sphinx-copybutton ; extra == 'docs'
  - sphinx-inline-tabs ; extra == 'docs'
  - sphinxext-opengraph ; extra == 'docs'
  - olefile ; extra == 'fpx'
  - olefile ; extra == 'mic'
  - arro3-compute ; extra == 'test-arrow'
  - arro3-core ; extra == 'test-arrow'
  - nanoarrow ; extra == 'test-arrow'
  - pyarrow ; extra == 'test-arrow'
  - check-manifest ; extra == 'tests'
  - coverage>=7.4.2 ; extra == 'tests'
  - defusedxml ; extra == 'tests'
  - markdown2 ; extra == 'tests'
  - olefile ; extra == 'tests'
  - packaging ; extra == 'tests'
  - pyroma>=5 ; extra == 'tests'
  - pytest ; extra == 'tests'
  - pytest-cov ; extra == 'tests'
  - pytest-timeout ; extra == 'tests'
  - pytest-xdist ; extra == 'tests'
  - trove-classifiers>=2024.10.12 ; extra == 'tests'
  - defusedxml ; extra == 'xmp'
  requires_python: '>=3.10'
- pypi: https://files.pythonhosted.org/packages/0b/88/260ed63b201319dfd18b8518770686933ecab96cc7d68046511c5aadfeee/pycdfpp-0.8.2-cp313-cp313-macosx_11_0_arm64.whl
  name: pycdfpp
  version: 0.8.2
  sha256: afa18d2884bb40069ddfdfd233e26a688b016141c7bb08bb064b66d87569239b
  requires_dist:
  - numpy
  - pyyaml
  requires_python: '>=3.8'
- pypi: https://files.pythonhosted.org/packages/11/4a/31a363370478b63c6289a34743f2ba2d3ae1bd8223e004d18ab28fb92385/pyerfa-2.0.1.5-cp39-abi3-macosx_11_0_arm64.whl
  name: pyerfa
  version: 2.0.1.5
  sha256: be1aeb70390dd03a34faf96749d5cabc58437410b4aab7213c512323932427df
  requires_dist:
  - numpy>=1.19.3
  - sphinx-astropy>=1.3 ; extra == 'docs'
  - pytest ; extra == 'test'
  - pytest-doctestplus>=0.7 ; extra == 'test'
  requires_python: '>=3.9'
- pypi: https://files.pythonhosted.org/packages/b5/43/ddfcb955498865c6528c632dc35e75cc0e33886e86c6dce461d4f1ea3bf3/pyistp-0.7.2-py3-none-any.whl
  name: pyistp
  version: 0.7.2
  sha256: 8ab36199c99d5ce458e59d6459abf96e08c726cc01c6271577d5f293304293c2
  requires_dist:
  - pycdfpp>=0.6.0
  requires_python: '>=3.8'
- pypi: https://files.pythonhosted.org/packages/10/5e/1aa9a93198c6b64513c9d7752de7422c06402de6600a8767da1524f9570b/pyparsing-3.2.5-py3-none-any.whl
  name: pyparsing
  version: 3.2.5
  sha256: e38a4f02064cf41fe6593d328d0512495ad1f3d8a91c4f73fc401b3079a59a5e
  requires_dist:
  - railroad-diagrams ; extra == 'diagrams'
  - jinja2 ; extra == 'diagrams'
  requires_python: '>=3.9'
- conda: https://conda.anaconda.org/conda-forge/osx-arm64/python-3.13.9-hfc2f54d_101_cp313.conda
  build_number: 101
  sha256: 516229f780b98783a5ef4112a5a4b5e5647d4f0177c4621e98aa60bb9bc32f98
  md5: a4241bce59eecc74d4d2396e108c93b8
  depends:
  - __osx >=11.0
  - bzip2 >=1.0.8,<2.0a0
  - libexpat >=2.7.1,<3.0a0
  - libffi >=3.5.2,<3.6.0a0
  - liblzma >=5.8.1,<6.0a0
  - libmpdec >=4.0.0,<5.0a0
  - libsqlite >=3.50.4,<4.0a0
  - libzlib >=1.3.1,<2.0a0
  - ncurses >=6.5,<7.0a0
  - openssl >=3.5.4,<4.0a0
  - python_abi 3.13.* *_cp313
  - readline >=8.2,<9.0a0
  - tk >=8.6.13,<8.7.0a0
  - tzdata
  arch: arm64
  platform: osx
  license: Python-2.0
  purls: []
  size: 11915380
  timestamp: 1761176793936
  python_site_packages_path: lib/python3.13/site-packages
- conda: https://conda.anaconda.org/conda-forge/noarch/python-dateutil-2.9.0.post0-pyhe01879c_2.conda
  sha256: d6a17ece93bbd5139e02d2bd7dbfa80bee1a4261dced63f65f679121686bf664
  md5: 5b8d21249ff20967101ffa321cab24e8
  depends:
  - python >=3.9
  - six >=1.5
  - python
  license: Apache-2.0
  license_family: APACHE
  purls:
  - pkg:pypi/python-dateutil?source=hash-mapping
  size: 233310
  timestamp: 1751104122689
- conda: https://conda.anaconda.org/conda-forge/noarch/python-tzdata-2025.2-pyhd8ed1ab_0.conda
  sha256: e8392a8044d56ad017c08fec2b0eb10ae3d1235ac967d0aab8bd7b41c4a5eaf0
  md5: 88476ae6ebd24f39261e0854ac244f33
  depends:
  - python >=3.9
  license: Apache-2.0
  license_family: APACHE
  purls:
  - pkg:pypi/tzdata?source=hash-mapping
  size: 144160
  timestamp: 1742745254292
- conda: https://conda.anaconda.org/conda-forge/noarch/python_abi-3.13-8_cp313.conda
  build_number: 8
  sha256: 210bffe7b121e651419cb196a2a63687b087497595c9be9d20ebe97dd06060a7
  md5: 94305520c52a4aa3f6c2b1ff6008d9f8
  constrains:
  - python 3.13.* *_cp313
  license: BSD-3-Clause
  license_family: BSD
  purls: []
  size: 7002
  timestamp: 1752805902938
- conda: https://conda.anaconda.org/conda-forge/noarch/pytz-2025.2-pyhd8ed1ab_0.conda
  sha256: 8d2a8bf110cc1fc3df6904091dead158ba3e614d8402a83e51ed3a8aa93cdeb0
  md5: bc8e3267d44011051f2eb14d22fb0960
  depends:
  - python >=3.9
  license: MIT
  license_family: MIT
  purls:
  - pkg:pypi/pytz?source=hash-mapping
  size: 189015
  timestamp: 1742920947249
- pypi: https://files.pythonhosted.org/packages/66/27/c16e0ba0861c4cd82d4fb014eb2769455e5ee87887640b7d5d971a8b1323/pyvo-1.8-py3-none-any.whl
  name: pyvo
  version: '1.8'
  sha256: 12262bb66b0ffb2b001342ea0b2243c6516a43b4ea6cc4ca391fa85235c883ff
  requires_dist:
  - astropy>=4.2
  - requests
  - pillow ; extra == 'all'
  - defusedxml ; extra == 'all'
  - pytest-doctestplus>=0.13 ; extra == 'test'
  - pytest-astropy ; extra == 'test'
  - requests-mock ; extra == 'test'
  - sphinx-astropy ; extra == 'docs'
  requires_python: '>=3.9'
- pypi: https://files.pythonhosted.org/packages/b1/16/95309993f1d3748cd644e02e38b75d50cbc0d9561d21f390a76242ce073f/pyyaml-6.0.3-cp313-cp313-macosx_11_0_arm64.whl
  name: pyyaml
  version: 6.0.3
  sha256: 2283a07e2c21a2aa78d9c4442724ec1eb15f5e42a723b99cb3d822d48f5f7ad1
  requires_python: '>=3.8'
- conda: https://conda.anaconda.org/conda-forge/osx-arm64/readline-8.2-h1d1bf99_2.conda
  sha256: 7db04684d3904f6151eff8673270922d31da1eea7fa73254d01c437f49702e34
  md5: 63ef3f6e6d6d5c589e64f11263dc5676
  depends:
  - ncurses >=6.5,<7.0a0
  arch: arm64
  platform: osx
  license: GPL-3.0-only
  license_family: GPL
  purls: []
  size: 252359
  timestamp: 1740379663071
- pypi: https://files.pythonhosted.org/packages/1e/db/4254e3eabe8020b458f1a747140d32277ec7a271daf1d235b70dc0b4e6e3/requests-2.32.5-py3-none-any.whl
  name: requests
  version: 2.32.5
  sha256: 2462f94637a34fd532264295e186976db0f5d453d1cdd31473c85a6a161affb6
  requires_dist:
  - charset-normalizer>=2,<4
  - idna>=2.5,<4
  - urllib3>=1.21.1,<3
  - certifi>=2017.4.17
  - pysocks>=1.5.6,!=1.5.7 ; extra == 'socks'
  - chardet>=3.0.2,<6 ; extra == 'use-chardet-on-py3'
  requires_python: '>=3.9'
- pypi: https://files.pythonhosted.org/packages/44/13/7e63cfba8a7452eb756306aa2fd9b37a29a323b672b964b4fdeded9a3f21/scipy-1.16.3-cp313-cp313-macosx_12_0_arm64.whl
  name: scipy
  version: 1.16.3
  sha256: 16b8bc35a4cc24db80a0ec836a9286d0e31b2503cb2fd7ff7fb0e0374a97081d
  requires_dist:
  - numpy>=1.25.2,<2.6
  - pytest>=8.0.0 ; extra == 'test'
  - pytest-cov ; extra == 'test'
  - pytest-timeout ; extra == 'test'
  - pytest-xdist ; extra == 'test'
  - asv ; extra == 'test'
  - mpmath ; extra == 'test'
  - gmpy2 ; extra == 'test'
  - threadpoolctl ; extra == 'test'
  - scikit-umfpack ; extra == 'test'
  - pooch ; extra == 'test'
  - hypothesis>=6.30 ; extra == 'test'
  - array-api-strict>=2.3.1 ; extra == 'test'
  - cython ; extra == 'test'
  - meson ; extra == 'test'
  - ninja ; sys_platform != 'emscripten' and extra == 'test'
  - sphinx>=5.0.0,<8.2.0 ; extra == 'doc'
  - intersphinx-registry ; extra == 'doc'
  - pydata-sphinx-theme>=0.15.2 ; extra == 'doc'
  - sphinx-copybutton ; extra == 'doc'
  - sphinx-design>=0.4.0 ; extra == 'doc'
  - matplotlib>=3.5 ; extra == 'doc'
  - numpydoc ; extra == 'doc'
  - jupytext ; extra == 'doc'
  - myst-nb>=1.2.0 ; extra == 'doc'
  - pooch ; extra == 'doc'
  - jupyterlite-sphinx>=0.19.1 ; extra == 'doc'
  - jupyterlite-pyodide-kernel ; extra == 'doc'
  - linkify-it-py ; extra == 'doc'
  - mypy==1.10.0 ; extra == 'dev'
  - typing-extensions ; extra == 'dev'
  - types-psutil ; extra == 'dev'
  - pycodestyle ; extra == 'dev'
  - ruff>=0.0.292 ; extra == 'dev'
  - cython-lint>=0.12.2 ; extra == 'dev'
  - rich-click ; extra == 'dev'
  - doit>=0.36.0 ; extra == 'dev'
  - pydevtool ; extra == 'dev'
  requires_python: '>=3.11'
- conda: https://conda.anaconda.org/conda-forge/noarch/six-1.17.0-pyhe01879c_1.conda
  sha256: 458227f759d5e3fcec5d9b7acce54e10c9e1f4f4b7ec978f3bfd54ce4ee9853d
  md5: 3339e3b65d58accf4ca4fb8748ab16b3
  depends:
  - python >=3.9
  - python
  license: MIT
  license_family: MIT
  purls:
  - pkg:pypi/six?source=hash-mapping
  size: 18455
  timestamp: 1753199211006
- pypi: https://files.pythonhosted.org/packages/14/a0/bb38d3b76b8cae341dad93a2dd83ab7462e6dbcdd84d43f54ee60a8dc167/soupsieve-2.8-py3-none-any.whl
  name: soupsieve
  version: '2.8'
  sha256: 0cc76456a30e20f5d7f2e14a98a4ae2ee4e5abdc7c5ea0aafe795f344bc7984c
  requires_python: '>=3.9'
- pypi: git+https://github.com/sciqlop/speasy#90239949feb71ed103db789e7d08e7a9e74124b9
  name: speasy
  version: 1.6.1
  requires_dist:
  - pyyaml
  - appdirs
  - astropy
  - astroquery
  - diskcache
  - humanize
  - matplotlib
  - numpy
  - packaging
  - pandas
  - pyistp>=0.7.2
  - python-dateutil
  - requests
  - scipy
  - tqdm
  - urllib3>=1.26.0
  - certifi
  - pyzstd ; extra == 'zstd'
  requires_python: '>=3.9'
- conda: https://conda.anaconda.org/conda-forge/osx-arm64/sqlite-3.51.0-h81ab1b7_0.conda
  sha256: 9fdd1518d60e646209817bd54f8241d05309e6e0c3cc497eb8c9e0091d50b875
  md5: 27026c600e8c8f6c07d136b46e143164
  depends:
  - __osx >=11.0
  - icu >=75.1,<76.0a0
  - libsqlite 3.51.0 h8adb53f_0
  - libzlib >=1.3.1,<2.0a0
  - ncurses >=6.5,<7.0a0
  - readline >=8.2,<9.0a0
  arch: arm64
  platform: osx
  license: blessing
  purls: []
  size: 165724
  timestamp: 1762300105850
- conda: https://conda.anaconda.org/conda-forge/osx-arm64/tk-8.6.13-h892fb3f_3.conda
  sha256: ad0c67cb03c163a109820dc9ecf77faf6ec7150e942d1e8bb13e5d39dc058ab7
  md5: a73d54a5abba6543cb2f0af1bfbd6851
  depends:
  - __osx >=11.0
  - libzlib >=1.3.1,<2.0a0
  arch: arm64
  platform: osx
  license: TCL
  license_family: BSD
  purls: []
  size: 3125484
  timestamp: 1763055028377
- pypi: https://files.pythonhosted.org/packages/d0/30/dc54f88dd4a2b5dc8a0279bdd7270e735851848b762aeb1c1184ed1f6b14/tqdm-4.67.1-py3-none-any.whl
  name: tqdm
  version: 4.67.1
  sha256: 26445eca388f82e72884e0d580d5464cd801a3ea01e63e5601bdff9ba6a48de2
  requires_dist:
  - colorama ; sys_platform == 'win32'
  - pytest>=6 ; extra == 'dev'
  - pytest-cov ; extra == 'dev'
  - pytest-timeout ; extra == 'dev'
  - pytest-asyncio>=0.24 ; extra == 'dev'
  - nbval ; extra == 'dev'
  - requests ; extra == 'discord'
  - slack-sdk ; extra == 'slack'
  - requests ; extra == 'telegram'
  - ipywidgets>=6 ; extra == 'notebook'
  requires_python: '>=3.7'
- pypi: https://files.pythonhosted.org/packages/18/67/36e9267722cc04a6b9f15c7f3441c2363321a3ea07da7ae0c0707beb2a9c/typing_extensions-4.15.0-py3-none-any.whl
  name: typing-extensions
  version: 4.15.0
  sha256: f0fa19c6845758ab08074a0cfa8b7aecb71c999ca73d62883bc25cc018c4e548
  requires_python: '>=3.9'
- conda: https://conda.anaconda.org/conda-forge/noarch/tzdata-2025b-h78e105d_0.conda
  sha256: 5aaa366385d716557e365f0a4e9c3fca43ba196872abbbe3d56bb610d131e192
  md5: 4222072737ccff51314b5ece9c7d6f5a
  license: LicenseRef-Public-Domain
  purls: []
  size: 122968
  timestamp: 1742727099393
- pypi: https://files.pythonhosted.org/packages/a7/c2/fe1e52489ae3122415c51f387e221dd0773709bad6c6cdaa599e8a2c5185/urllib3-2.5.0-py3-none-any.whl
  name: urllib3
  version: 2.5.0
  sha256: e6b01673c0fa6a13e374b50871808eb3bf7046c4b125b216f6bf1cc604cff0dc
  requires_dist:
  - brotli>=1.0.9 ; platform_python_implementation == 'CPython' and extra == 'brotli'
  - brotlicffi>=0.8.0 ; platform_python_implementation != 'CPython' and extra == 'brotli'
  - h2>=4,<5 ; extra == 'h2'
  - pysocks>=1.5.6,!=1.5.7,<2.0 ; extra == 'socks'
  - zstandard>=0.18.0 ; extra == 'zstd'
  requires_python: '>=3.9'
- conda: https://conda.anaconda.org/conda-forge/osx-arm64/uv-0.9.10-h1bde295_0.conda
  sha256: e369edaf12de310eda74694233862362381fd50c17afa2709f8ad26ed3f5e74b
  md5: e27feb5e75c6277dfce3a775e8ed3fda
  depends:
  - __osx >=11.0
  - libcxx >=19
  constrains:
  - __osx >=11.0
  arch: arm64
  platform: osx
  license: Apache-2.0 OR MIT
  purls: []
  size: 14815480
  timestamp: 1763412481324
- pypi: https://files.pythonhosted.org/packages/f4/24/2a3e3df732393fed8b3ebf2ec078f05546de641fe1b667ee316ec1dcf3b7/webencodings-0.5.1-py2.py3-none-any.whl
  name: webencodings
  version: 0.5.1
  sha256: a0af1213f3c2226497a97e2b3aa01a7e4bee4f403f95be16fc9acd2947514a78
- conda: https://conda.anaconda.org/conda-forge/noarch/xarray-2025.11.0-pyhcf101f3_0.conda
  sha256: 9e003931f4a3b6a1ee5740273a736127f2a7146036bf3d4ce6b8c7d332c12fde
  md5: e5770e751eb8b23cd86571400e8722be
  depends:
  - python >=3.11
  - numpy >=1.26
  - packaging >=24.1
  - pandas >=2.2
  - python
  constrains:
  - bottleneck >=1.4
  - cartopy >=0.23
  - cftime >=1.6
  - dask-core >=2024.6
  - distributed >=2024.6
  - flox >=0.9
  - h5netcdf >=1.3
  - h5py >=3.11
  - hdf5 >=1.14
  - iris >=3.9
  - matplotlib-base >=3.8
  - nc-time-axis >=1.4
  - netcdf4 >=1.6.0
  - numba >=0.60
  - numbagg >=0.8
  - pint >=0.24
  - pydap >=3.5.0
  - scipy >=1.13
  - seaborn-base >=0.13
  - sparse >=0.15
  - toolz >=0.12
  - zarr >=2.18
  license: Apache-2.0
  license_family: APACHE
  purls:
  - pkg:pypi/xarray?source=hash-mapping
  size: 989507
  timestamp: 1763464377176
